
Microsoft Visual Studio Solution File, Format Version 12.00
# Visual Studio Version 17
VisualStudioVersion = 17.9.34310.174
MinimumVisualStudioVersion = 10.0.40219.1
Project("{FAE04EC0-301F-11D3-BF4B-00C04F79EFBC}") = "PokeApiV2.Server", "PokeApiV2.Server\PokeApiV2.Server.csproj", "{612B3C5A-8A06-4090-AEC2-31F6616E73FF}"
EndProject
Project("{54A90642-561A-4BB1-A94E-469ADEE60C69}") = "pokeapiv2.client", "pokeapiv2.client\pokeapiv2.client.esproj", "{D740FC1E-C2EB-479A-AEFD-5463009891CD}"
EndProject
Global
	GlobalSection(SolutionConfigurationPlatforms) = preSolution
		Debug|Any CPU = Debug|Any CPU
		Release|Any CPU = Release|Any CPU
	EndGlobalSection
	GlobalSection(ProjectConfigurationPlatforms) = postSolution
		{612B3C5A-8A06-4090-AEC2-31F6616E73FF}.Debug|Any CPU.ActiveCfg = Debug|Any CPU
		{612B3C5A-8A06-4090-AEC2-31F6616E73FF}.Debug|Any CPU.Build.0 = Debug|Any CPU
		{612B3C5A-8A06-4090-AEC2-31F6616E73FF}.Release|Any CPU.ActiveCfg = Release|Any CPU
		{612B3C5A-8A06-4090-AEC2-31F6616E73FF}.Release|Any CPU.Build.0 = Release|Any CPU
		{D740FC1E-C2EB-479A-AEFD-5463009891CD}.Debug|Any CPU.ActiveCfg = Debug|Any CPU
		{D740FC1E-C2EB-479A-AEFD-5463009891CD}.Debug|Any CPU.Build.0 = Debug|Any CPU
		{D740FC1E-C2EB-479A-AEFD-5463009891CD}.Debug|Any CPU.Deploy.0 = Debug|Any CPU
		{D740FC1E-C2EB-479A-AEFD-5463009891CD}.Release|Any CPU.ActiveCfg = Release|Any CPU
		{D740FC1E-C2EB-479A-AEFD-5463009891CD}.Release|Any CPU.Build.0 = Release|Any CPU
		{D740FC1E-C2EB-479A-AEFD-5463009891CD}.Release|Any CPU.Deploy.0 = Release|Any CPU
	EndGlobalSection
	GlobalSection(SolutionProperties) = preSolution
		HideSolutionNode = FALSE
	EndGlobalSection
	GlobalSection(ExtensibilityGlobals) = postSolution
		SolutionGuid = {330B949A-F97A-4548-BFF5-8AD397C1CFEB}
	EndGlobalSection
EndGlobal
